{
  "name": "@shushant0810/medium-common",
  "version": "1.0.0",
  "lockfileVersion": 3,
  "requires": true,
  "packages": {
    "": {
      "name": "@shushant0810/medium-common",
      "version": "1.0.0",
      "license": "ISC",
      "dependencies": {
        "@shushant0810/medium-common": "^1.0.1",
        "zod": "^3.22.4"
      }
    },
    "node_modules/@shushant0810/medium-common": {
      "version": "1.0.1",
      "resolved": "https://registry.npmjs.org/@shushant0810/medium-common/-/medium-common-1.0.1.tgz",
      "integrity": "sha512-+/ruUGHKdYclhvkvhtAkYAhnzrI3BTKXL6+1LhfWGWwCoSRovKByAEVOicWvm/Mqw2o2e+P0ebaAB4lNFqWtHA==",
      "dependencies": {
        "zod": "^3.22.4"
      }
    },
    "node_modules/zod": {
      "version": "3.23.8",
      "resolved": "https://registry.npmjs.org/zod/-/zod-3.23.8.tgz",
      "integrity": "sha512-XBx9AXhXktjUqnepgTiE5flcKIYWi/rme0Eaj+5Y0lftuGBq+jyRu/md4WnuxqgP1ubdpNCsYEYPxrzVHD8d6g==",
      "funding": {
        "url": "https://github.com/sponsors/colinhacks"
      }
    }
  }
}
